{
  "name": "passenger-nodejs-websocket-demo",
  "version": "1.0.0",
  "dependencies": {
    "socket.io": {
      "version": "1.2.1",
      "from": "socket.io@^1.2.1",
      "resolved": "https://registry.npmjs.org/socket.io/-/socket.io-1.2.1.tgz",
      "dependencies": {
        "engine.io": {
          "version": "1.4.3",
          "from": "engine.io@1.4.3",
          "resolved": "https://registry.npmjs.org/engine.io/-/engine.io-1.4.3.tgz",
          "dependencies": {
            "debug": {
              "version": "1.0.3",
              "from": "debug@1.0.3",
              "resolved": "https://registry.npmjs.org/debug/-/debug-1.0.3.tgz",
              "dependencies": {
                "ms": {
                  "version": "0.6.2",
                  "from": "ms@0.6.2",
                  "resolved": "https://registry.npmjs.org/ms/-/ms-0.6.2.tgz"
                }
              }
            },
            "ws": {
              "version": "0.5.0",
              "from": "ws@0.5.0",
              "resolved": "https://registry.npmjs.org/ws/-/ws-0.5.0.tgz",
              "dependencies": {
                "nan": {
                  "version": "1.4.1",
                  "from": "nan@1.4.x",
                  "resolved": "https://registry.npmjs.org/nan/-/nan-1.4.1.tgz"
                },
                "options": {
                  "version": "0.0.6",
                  "from": "options@>=0.0.5",
                  "resolved": "https://registry.npmjs.org/options/-/options-0.0.6.tgz"
                },
                "ultron": {
                  "version": "1.0.1",
                  "from": "ultron@1.0.x",
                  "resolved": "https://registry.npmjs.org/ultron/-/ultron-1.0.1.tgz"
                }
              }
            },
            "engine.io-parser": {
              "version": "1.1.0",
              "from": "engine.io-parser@1.1.0",
              "resolved": "https://registry.npmjs.org/engine.io-parser/-/engine.io-parser-1.1.0.tgz",
              "dependencies": {
                "base64-arraybuffer": {
                  "version": "0.1.2",
                  "from": "base64-arraybuffer@0.1.2",
                  "resolved": "https://registry.npmjs.org/base64-arraybuffer/-/base64-arraybuffer-0.1.2.tgz"
                },
                "after": {
                  "version": "0.8.1",
                  "from": "after@0.8.1",
                  "resolved": "https://registry.npmjs.org/after/-/after-0.8.1.tgz"
                },
                "arraybuffer.slice": {
                  "version": "0.0.6",
                  "from": "arraybuffer.slice@0.0.6",
                  "resolved": "https://registry.npmjs.org/arraybuffer.slice/-/arraybuffer.slice-0.0.6.tgz"
                },
                "blob": {
                  "version": "0.0.2",
                  "from": "blob@0.0.2",
                  "resolved": "https://registry.npmjs.org/blob/-/blob-0.0.2.tgz"
                },
                "utf8": {
                  "version": "2.0.0",
                  "from": "utf8@2.0.0",
                  "resolved": "https://registry.npmjs.org/utf8/-/utf8-2.0.0.tgz"
                }
              }
            },
            "base64id": {
              "version": "0.1.0",
              "from": "base64id@0.1.0",
              "resolved": "https://registry.npmjs.org/base64id/-/base64id-0.1.0.tgz"
            }
          }
        },
        "socket.io-parser": {
          "version": "2.2.2",
          "from": "socket.io-parser@2.2.2",
          "resolved": "https://registry.npmjs.org/socket.io-parser/-/socket.io-parser-2.2.2.tgz",
          "dependencies": {
            "json3": {
              "version": "3.2.6",
              "from": "json3@3.2.6",
              "resolved": "https://registry.npmjs.org/json3/-/json3-3.2.6.tgz"
            },
            "component-emitter": {
              "version": "1.1.2",
              "from": "component-emitter@1.1.2",
              "resolved": "https://registry.npmjs.org/component-emitter/-/component-emitter-1.1.2.tgz"
            },
            "isarray": {
              "version": "0.0.1",
              "from": "isarray@0.0.1",
              "resolved": "https://registry.npmjs.org/isarray/-/isarray-0.0.1.tgz"
            },
            "benchmark": {
              "version": "1.0.0",
              "from": "benchmark@1.0.0",
              "resolved": "https://registry.npmjs.org/benchmark/-/benchmark-1.0.0.tgz"
            }
          }
        },
        "socket.io-client": {
          "version": "1.2.1",
          "from": "socket.io-client@1.2.1",
          "resolved": "https://registry.npmjs.org/socket.io-client/-/socket.io-client-1.2.1.tgz",
          "dependencies": {
            "engine.io-client": {
              "version": "1.4.3",
              "from": "engine.io-client@1.4.3",
              "resolved": "https://registry.npmjs.org/engine.io-client/-/engine.io-client-1.4.3.tgz",
              "dependencies": {
                "has-cors": {
                  "version": "1.0.3",
                  "from": "has-cors@1.0.3",
                  "resolved": "https://registry.npmjs.org/has-cors/-/has-cors-1.0.3.tgz",
                  "dependencies": {
                    "global": {
                      "version": "2.0.1",
                      "from": "https://github.com/component/global/archive/v2.0.1.tar.gz",
                      "resolved": "https://github.com/component/global/archive/v2.0.1.tar.gz"
                    }
                  }
                },
                "ws": {
                  "version": "0.4.31",
                  "from": "ws@0.4.31",
                  "dependencies": {
                    "commander": {
                      "version": "0.6.1",
                      "from": "commander@~0.6.1",
                      "resolved": "https://registry.npmjs.org/commander/-/commander-0.6.1.tgz"
                    },
                    "nan": {
                      "version": "0.3.2",
                      "from": "nan@~0.3.0"
                    },
                    "tinycolor": {
                      "version": "0.0.1",
                      "from": "tinycolor@0.x"
                    },
                    "options": {
                      "version": "0.0.6",
                      "from": "options@>=0.0.5",
                      "resolved": "https://registry.npmjs.org/options/-/options-0.0.6.tgz"
                    }
                  }
                },
                "xmlhttprequest": {
                  "version": "1.5.0",
                  "from": "https://github.com/LearnBoost/node-XMLHttpRequest/archive/0f36d0b5ebc03d85f860d42a64ae9791e1daa433.tar.gz",
                  "resolved": "https://github.com/LearnBoost/node-XMLHttpRequest/archive/0f36d0b5ebc03d85f860d42a64ae9791e1daa433.tar.gz"
                },
                "engine.io-parser": {
                  "version": "1.1.0",
                  "from": "engine.io-parser@1.1.0",
                  "resolved": "https://registry.npmjs.org/engine.io-parser/-/engine.io-parser-1.1.0.tgz",
                  "dependencies": {
                    "base64-arraybuffer": {
                      "version": "0.1.2",
                      "from": "base64-arraybuffer@0.1.2",
                      "resolved": "https://registry.npmjs.org/base64-arraybuffer/-/base64-arraybuffer-0.1.2.tgz"
                    },
                    "after": {
                      "version": "0.8.1",
                      "from": "after@0.8.1",
                      "resolved": "https://registry.npmjs.org/after/-/after-0.8.1.tgz"
                    },
                    "arraybuffer.slice": {
                      "version": "0.0.6",
                      "from": "arraybuffer.slice@0.0.6",
                      "resolved": "https://registry.npmjs.org/arraybuffer.slice/-/arraybuffer.slice-0.0.6.tgz"
                    },
                    "blob": {
                      "version": "0.0.2",
                      "from": "blob@0.0.2",
                      "resolved": "https://registry.npmjs.org/blob/-/blob-0.0.2.tgz"
                    },
                    "utf8": {
                      "version": "2.0.0",
                      "from": "utf8@2.0.0",
                      "resolved": "https://registry.npmjs.org/utf8/-/utf8-2.0.0.tgz"
                    }
                  }
                },
                "debug": {
                  "version": "1.0.4",
                  "from": "debug@1.0.4",
                  "resolved": "https://registry.npmjs.org/debug/-/debug-1.0.4.tgz",
                  "dependencies": {
                    "ms": {
                      "version": "0.6.2",
                      "from": "ms@0.6.2",
                      "resolved": "https://registry.npmjs.org/ms/-/ms-0.6.2.tgz"
                    }
                  }
                },
                "parseuri": {
                  "version": "0.0.4",
                  "from": "parseuri@0.0.4",
                  "resolved": "https://registry.npmjs.org/parseuri/-/parseuri-0.0.4.tgz",
                  "dependencies": {
                    "better-assert": {
                      "version": "1.0.2",
                      "from": "better-assert@~1.0.0",
                      "resolved": "https://registry.npmjs.org/better-assert/-/better-assert-1.0.2.tgz",
                      "dependencies": {
                        "callsite": {
                          "version": "1.0.0",
                          "from": "callsite@1.0.0",
                          "resolved": "https://registry.npmjs.org/callsite/-/callsite-1.0.0.tgz"
                        }
                      }
                    }
                  }
                },
                "parsejson": {
                  "version": "0.0.1",
                  "from": "parsejson@0.0.1",
                  "resolved": "https://registry.npmjs.org/parsejson/-/parsejson-0.0.1.tgz",
                  "dependencies": {
                    "better-assert": {
                      "version": "1.0.2",
                      "from": "better-assert@~1.0.0",
                      "resolved": "https://registry.npmjs.org/better-assert/-/better-assert-1.0.2.tgz",
                      "dependencies": {
                        "callsite": {
                          "version": "1.0.0",
                          "from": "callsite@1.0.0",
                          "resolved": "https://registry.npmjs.org/callsite/-/callsite-1.0.0.tgz"
                        }
                      }
                    }
                  }
                },
                "parseqs": {
                  "version": "0.0.2",
                  "from": "parseqs@0.0.2",
                  "resolved": "https://registry.npmjs.org/parseqs/-/parseqs-0.0.2.tgz",
                  "dependencies": {
                    "better-assert": {
                      "version": "1.0.2",
                      "from": "better-assert@~1.0.0",
                      "resolved": "https://registry.npmjs.org/better-assert/-/better-assert-1.0.2.tgz",
                      "dependencies": {
                        "callsite": {
                          "version": "1.0.0",
                          "from": "callsite@1.0.0",
                          "resolved": "https://registry.npmjs.org/callsite/-/callsite-1.0.0.tgz"
                        }
                      }
                    }
                  }
                },
                "component-inherit": {
                  "version": "0.0.3",
                  "from": "component-inherit@0.0.3",
                  "resolved": "https://registry.npmjs.org/component-inherit/-/component-inherit-0.0.3.tgz"
                }
              }
            },
            "component-bind": {
              "version": "1.0.0",
              "from": "component-bind@1.0.0",
              "resolved": "https://registry.npmjs.org/component-bind/-/component-bind-1.0.0.tgz"
            },
            "component-emitter": {
              "version": "1.1.2",
              "from": "component-emitter@1.1.2",
              "resolved": "https://registry.npmjs.org/component-emitter/-/component-emitter-1.1.2.tgz"
            },
            "object-component": {
              "version": "0.0.3",
              "from": "object-component@0.0.3",
              "resolved": "https://registry.npmjs.org/object-component/-/object-component-0.0.3.tgz"
            },
            "has-binary": {
              "version": "0.1.5",
              "from": "has-binary@0.1.5",
              "resolved": "https://registry.npmjs.org/has-binary/-/has-binary-0.1.5.tgz",
              "dependencies": {
                "isarray": {
                  "version": "0.0.1",
                  "from": "isarray@0.0.1",
                  "resolved": "https://registry.npmjs.org/isarray/-/isarray-0.0.1.tgz"
                }
              }
            },
            "indexof": {
              "version": "0.0.1",
              "from": "indexof@0.0.1",
              "resolved": "https://registry.npmjs.org/indexof/-/indexof-0.0.1.tgz"
            },
            "parseuri": {
              "version": "0.0.2",
              "from": "parseuri@0.0.2",
              "resolved": "https://registry.npmjs.org/parseuri/-/parseuri-0.0.2.tgz",
              "dependencies": {
                "better-assert": {
                  "version": "1.0.2",
                  "from": "better-assert@~1.0.0",
                  "resolved": "https://registry.npmjs.org/better-assert/-/better-assert-1.0.2.tgz",
                  "dependencies": {
                    "callsite": {
                      "version": "1.0.0",
                      "from": "callsite@1.0.0",
                      "resolved": "https://registry.npmjs.org/callsite/-/callsite-1.0.0.tgz"
                    }
                  }
                }
              }
            },
            "to-array": {
              "version": "0.1.3",
              "from": "to-array@0.1.3",
              "resolved": "https://registry.npmjs.org/to-array/-/to-array-0.1.3.tgz"
            }
          }
        },
        "socket.io-adapter": {
          "version": "0.3.1",
          "from": "socket.io-adapter@0.3.1",
          "resolved": "https://registry.npmjs.org/socket.io-adapter/-/socket.io-adapter-0.3.1.tgz",
          "dependencies": {
            "debug": {
              "version": "1.0.2",
              "from": "debug@1.0.2",
              "resolved": "https://registry.npmjs.org/debug/-/debug-1.0.2.tgz",
              "dependencies": {
                "ms": {
                  "version": "0.6.2",
                  "from": "ms@0.6.2",
                  "resolved": "https://registry.npmjs.org/ms/-/ms-0.6.2.tgz"
                }
              }
            },
            "object-keys": {
              "version": "1.0.1",
              "from": "object-keys@1.0.1",
              "resolved": "https://registry.npmjs.org/object-keys/-/object-keys-1.0.1.tgz"
            }
          }
        },
        "has-binary-data": {
          "version": "0.1.3",
          "from": "has-binary-data@0.1.3",
          "resolved": "https://registry.npmjs.org/has-binary-data/-/has-binary-data-0.1.3.tgz",
          "dependencies": {
            "isarray": {
              "version": "0.0.1",
              "from": "isarray@0.0.1",
              "resolved": "https://registry.npmjs.org/isarray/-/isarray-0.0.1.tgz"
            }
          }
        },
        "debug": {
          "version": "0.7.4",
          "from": "debug@0.7.4",
          "resolved": "https://registry.npmjs.org/debug/-/debug-0.7.4.tgz"
        }
      }
    }
  }
}
